name: 'Terraform UNLOCK'

on:
  workflow_dispatch:
    inputs:
      TF_LOCK_ID:
        required: true
        type: string
        description: "UUID, the lock id to unlock, from the error message"
    
permissions:
  id-token: write
  contents: read

# Sourcing common variables from repository secrets
env:
  TERRAFORM_VERSION: ${{ secrets.TERRAFORM_VERSION }}
  PROJECT_ID:       ${{ secrets.PROJECT_ID }}
  WORKING_DIR:      ${{ secrets.WORKING_DIR }}
  WIF_PROVIDER:     ${{ secrets.WIF_PROVIDER }}
  SERVICE_ACCOUNT:  ${{ secrets.SERVICE_ACCOUNT }}

jobs:
  unlock:
    name: 'Terraform Unlock'
    runs-on: ubuntu-latest
    environment: production  # Add environment for approval
    steps:
      # Checkout the repository
      - name: Checkout
        uses: actions/checkout@v4
        
      # Setup Terraform
      - name: Setup Terraform
        uses: hashicorp/setup-terraform@v3
        with:
          terraform_version: ${{ env.TERRAFORM_VERSION }}
      
      - name: Google Auth
        uses: 'google-github-actions/auth@v2'
        with:
          project_id:                ${{ env.PROJECT_ID }}
          workload_identity_provider: ${{ env.WIF_PROVIDER }}
          service_account:           ${{ env.SERVICE_ACCOUNT }}
          
      # Terraform Cleanup
      - name: Terraform Cleanup
        run: rm -rf .terraform
        
      # Initialize Terraform
      - name: Initialize Terraform
        run: terraform init
        working-directory: ${{ env.WORKING_DIR }}
        
      # Show lock info before unlocking (optional but helpful)
      - name: Show Lock Info
        run: terraform force-unlock -force -verbose '${{ inputs.TF_LOCK_ID }}' || true
        working-directory: ${{ env.WORKING_DIR }}
        continue-on-error: true
        
      # Unlock Terraform
      - name: Unlock Terraform
        run: terraform force-unlock -force '${{ inputs.TF_LOCK_ID }}'
        working-directory: ${{ env.WORKING_DIR }}
        
      - name: Confirm Unlock
        run: echo "Terraform state has been successfully unlocked with ID '${{ inputs.TF_LOCK_ID }}'"
